
Microsoft Visual Studio Solution File, Format Version 12.00
# Visual Studio 15
Project("{FAE04EC0-301F-11D3-BF4B-00C04F79EFBC}") = "Simulado Detran - CE", "Simulado Detran - CE.csproj", "{8AC16F83-21A1-1DBE-F3F9-1802834CF01E}"
EndProject
Global
	GlobalSection(SolutionConfigurationPlatforms) = preSolution
		Debug|Any CPU = Debug|Any CPU
		Release|Any CPU = Release|Any CPU
	EndGlobalSection
	GlobalSection(ProjectConfigurationPlatforms) = postSolution
		{8AC16F83-21A1-1DBE-F3F9-1802834CF01E}.Debug|Any CPU.ActiveCfg = Debug|Any CPU
		{8AC16F83-21A1-1DBE-F3F9-1802834CF01E}.Debug|Any CPU.Build.0 = Debug|Any CPU
		{8AC16F83-21A1-1DBE-F3F9-1802834CF01E}.Release|Any CPU.ActiveCfg = Release|Any CPU
		{8AC16F83-21A1-1DBE-F3F9-1802834CF01E}.Release|Any CPU.Build.0 = Release|Any CPU
	EndGlobalSection
	GlobalSection(SolutionProperties) = preSolution
		HideSolutionNode = FALSE
	EndGlobalSection
EndGlobal
